# THIS IS AN AUTOGENERATED FILE. DO NOT EDIT THIS FILE DIRECTLY.
# yarn lockfile v1


"@types/node@^24.4.0":
  version "24.4.0"
  resolved "https://registry.yarnpkg.com/@types/node/-/node-24.4.0.tgz#4ca9168c016a55ab15b7765ad1674ab807489600"
  integrity sha512-gUuVEAK4/u6F9wRLznPUU4WGUacSEBDPoC2TrBkw3GAnOLHBL45QdfHOXp1kJ4ypBGLxTOB+t7NJLpKoC3gznQ==
  dependencies:
    undici-types "~7.11.0"

undici-types@~7.11.0:
  version "7.11.0"
  resolved "https://registry.yarnpkg.com/undici-types/-/undici-types-7.11.0.tgz#075798115d0bbc4e4fc7c173f38727ca66bfb592"
  integrity sha512-kt1ZriHTi7MU+Z/r9DOdAI3ONdaR3M3csEaRc6ewa4f4dTvX4cQCbJ4NkEn0ohE4hHtq85+PhPSTY+pO/1PwgA==
